
Microsoft Visual Studio Solution File, Format Version 12.00
# Visual Studio Version 17
VisualStudioVersion = 17.2.32526.322
MinimumVisualStudioVersion = 10.0.40219.1
Project("{FAE04EC0-301F-11D3-BF4B-00C04F79EFBC}") = "CustomerSupportLogger", "CustomerSupportLogger\CustomerSupportLogger.csproj", "{D83FE358-C477-4E7E-8CC0-E26CD57231E7}"
EndProject
Project("{FAE04EC0-301F-11D3-BF4B-00C04F79EFBC}") = "CustomerSupportLogger.Tests", "CustomerSupportLogger.Tests\CustomerSupportLogger.Tests.csproj", "{2C53B1A4-F125-4630-A1EE-70C29797CDC2}"
EndProject
Global
	GlobalSection(SolutionConfigurationPlatforms) = preSolution
		Debug|Any CPU = Debug|Any CPU
		Release|Any CPU = Release|Any CPU
	EndGlobalSection
	GlobalSection(ProjectConfigurationPlatforms) = postSolution
		{D83FE358-C477-4E7E-8CC0-E26CD57231E7}.Debug|Any CPU.ActiveCfg = Debug|Any CPU
		{D83FE358-C477-4E7E-8CC0-E26CD57231E7}.Debug|Any CPU.Build.0 = Debug|Any CPU
		{D83FE358-C477-4E7E-8CC0-E26CD57231E7}.Release|Any CPU.ActiveCfg = Release|Any CPU
		{D83FE358-C477-4E7E-8CC0-E26CD57231E7}.Release|Any CPU.Build.0 = Release|Any CPU
		{2C53B1A4-F125-4630-A1EE-70C29797CDC2}.Debug|Any CPU.ActiveCfg = Debug|Any CPU
		{2C53B1A4-F125-4630-A1EE-70C29797CDC2}.Debug|Any CPU.Build.0 = Debug|Any CPU
		{2C53B1A4-F125-4630-A1EE-70C29797CDC2}.Release|Any CPU.ActiveCfg = Release|Any CPU
		{2C53B1A4-F125-4630-A1EE-70C29797CDC2}.Release|Any CPU.Build.0 = Release|Any CPU
	EndGlobalSection
	GlobalSection(SolutionProperties) = preSolution
		HideSolutionNode = FALSE
	EndGlobalSection
	GlobalSection(ExtensibilityGlobals) = postSolution
		SolutionGuid = {A9727625-4932-47A1-BA6E-E665A02D2EBE}
	EndGlobalSection
EndGlobal
